// !$*UTF8*$!
{
	archiveVersion = 1;
	classes = {
	};
	objectVersion = 46;
	objects = {

/* Begin PBXBuildFile section */
		A31A41B81F33ECCC00ED5406 /* NSArray+JYSafe.m in Sources */ = {isa = PBXBuildFile; fileRef = A31A41B51F33ECCC00ED5406 /* NSArray+JYSafe.m */; };
		A31FEA601F34E41700EC33E1 /* NSDictionary+JYSafe.m in Sources */ = {isa = PBXBuildFile; fileRef = A31FEA5F1F34E41700EC33E1 /* NSDictionary+JYSafe.m */; };
		A31FEA631F352A3E00EC33E1 /* NSDictionary+JYURL.m in Sources */ = {isa = PBXBuildFile; fileRef = A31FEA621F352A3E00EC33E1 /* NSDictionary+JYURL.m */; };
		A3B1368C1F339C39005C6AF5 /* main.m in Sources */ = {isa = PBXBuildFile; fileRef = A3B1368B1F339C39005C6AF5 /* main.m */; };
		A3B1368F1F339C39005C6AF5 /* AppDelegate.m in Sources */ = {isa = PBXBuildFile; fileRef = A3B1368E1F339C39005C6AF5 /* AppDelegate.m */; };
		A3B136971F339C39005C6AF5 /* Assets.xcassets in Resources */ = {isa = PBXBuildFile; fileRef = A3B136961F339C39005C6AF5 /* Assets.xcassets */; };
		A3B136A41F339D7A005C6AF5 /* ViewController.m in Sources */ = {isa = PBXBuildFile; fileRef = A3B136A21F339D7A005C6AF5 /* ViewController.m */; };
		A3B136A51F339D7A005C6AF5 /* ViewController.xib in Resources */ = {isa = PBXBuildFile; fileRef = A3B136A31F339D7A005C6AF5 /* ViewController.xib */; };
		A3B136A71F339E29005C6AF5 /* LaunchScreen.storyboard in Resources */ = {isa = PBXBuildFile; fileRef = A3B136A61F339E29005C6AF5 /* LaunchScreen.storyboard */; };
		A3B136B01F339F78005C6AF5 /* NSArray+JYLog.m in Sources */ = {isa = PBXBuildFile; fileRef = A3B136AF1F339F78005C6AF5 /* NSArray+JYLog.m */; };
		A3B136B41F33D0E6005C6AF5 /* FoundationController.m in Sources */ = {isa = PBXBuildFile; fileRef = A3B136B21F33D0E6005C6AF5 /* FoundationController.m */; };
		A3B136B51F33D0E6005C6AF5 /* FoundationController.xib in Resources */ = {isa = PBXBuildFile; fileRef = A3B136B31F33D0E6005C6AF5 /* FoundationController.xib */; };
		A3B136B91F33D125005C6AF5 /* UIKitController.m in Sources */ = {isa = PBXBuildFile; fileRef = A3B136B71F33D125005C6AF5 /* UIKitController.m */; };
		A3B136BA1F33D125005C6AF5 /* UIKitController.xib in Resources */ = {isa = PBXBuildFile; fileRef = A3B136B81F33D125005C6AF5 /* UIKitController.xib */; };
		A3B136BD1F33D91E005C6AF5 /* JYSwizzing.m in Sources */ = {isa = PBXBuildFile; fileRef = A3B136BC1F33D91E005C6AF5 /* JYSwizzing.m */; };
/* End PBXBuildFile section */

/* Begin PBXFileReference section */
		A31A41B41F33ECCC00ED5406 /* NSArray+JYSafe.h */ = {isa = PBXFileReference; fileEncoding = 4; lastKnownFileType = sourcecode.c.h; path = "NSArray+JYSafe.h"; sourceTree = "<group>"; };
		A31A41B51F33ECCC00ED5406 /* NSArray+JYSafe.m */ = {isa = PBXFileReference; fileEncoding = 4; lastKnownFileType = sourcecode.c.objc; path = "NSArray+JYSafe.m"; sourceTree = "<group>"; };
		A31A41BB1F33F0A600ED5406 /* JYCategory.h */ = {isa = PBXFileReference; fileEncoding = 4; lastKnownFileType = sourcecode.c.h; path = JYCategory.h; sourceTree = "<group>"; };
		A31FEA5E1F34E41700EC33E1 /* NSDictionary+JYSafe.h */ = {isa = PBXFileReference; fileEncoding = 4; lastKnownFileType = sourcecode.c.h; path = "NSDictionary+JYSafe.h"; sourceTree = "<group>"; };
		A31FEA5F1F34E41700EC33E1 /* NSDictionary+JYSafe.m */ = {isa = PBXFileReference; fileEncoding = 4; lastKnownFileType = sourcecode.c.objc; path = "NSDictionary+JYSafe.m"; sourceTree = "<group>"; };
		A31FEA611F352A3E00EC33E1 /* NSDictionary+JYURL.h */ = {isa = PBXFileReference; fileEncoding = 4; lastKnownFileType = sourcecode.c.h; path = "NSDictionary+JYURL.h"; sourceTree = "<group>"; };
		A31FEA621F352A3E00EC33E1 /* NSDictionary+JYURL.m */ = {isa = PBXFileReference; fileEncoding = 4; lastKnownFileType = sourcecode.c.objc; path = "NSDictionary+JYURL.m"; sourceTree = "<group>"; };
		A3B136871F339C39005C6AF5 /* JYCategory.app */ = {isa = PBXFileReference; explicitFileType = wrapper.application; includeInIndex = 0; path = JYCategory.app; sourceTree = BUILT_PRODUCTS_DIR; };
		A3B1368B1F339C39005C6AF5 /* main.m */ = {isa = PBXFileReference; lastKnownFileType = sourcecode.c.objc; path = main.m; sourceTree = "<group>"; };
		A3B1368D1F339C39005C6AF5 /* AppDelegate.h */ = {isa = PBXFileReference; lastKnownFileType = sourcecode.c.h; path = AppDelegate.h; sourceTree = "<group>"; };
		A3B1368E1F339C39005C6AF5 /* AppDelegate.m */ = {isa = PBXFileReference; lastKnownFileType = sourcecode.c.objc; path = AppDelegate.m; sourceTree = "<group>"; };
		A3B136961F339C39005C6AF5 /* Assets.xcassets */ = {isa = PBXFileReference; lastKnownFileType = folder.assetcatalog; path = Assets.xcassets; sourceTree = "<group>"; };
		A3B1369B1F339C39005C6AF5 /* Info.plist */ = {isa = PBXFileReference; lastKnownFileType = text.plist.xml; path = Info.plist; sourceTree = "<group>"; };
		A3B136A11F339D7A005C6AF5 /* ViewController.h */ = {isa = PBXFileReference; fileEncoding = 4; lastKnownFileType = sourcecode.c.h; path = ViewController.h; sourceTree = "<group>"; };
		A3B136A21F339D7A005C6AF5 /* ViewController.m */ = {isa = PBXFileReference; fileEncoding = 4; lastKnownFileType = sourcecode.c.objc; path = ViewController.m; sourceTree = "<group>"; };
		A3B136A31F339D7A005C6AF5 /* ViewController.xib */ = {isa = PBXFileReference; fileEncoding = 4; lastKnownFileType = file.xib; path = ViewController.xib; sourceTree = "<group>"; };
		A3B136A61F339E29005C6AF5 /* LaunchScreen.storyboard */ = {isa = PBXFileReference; fileEncoding = 4; lastKnownFileType = file.storyboard; path = LaunchScreen.storyboard; sourceTree = "<group>"; };
		A3B136AE1F339F78005C6AF5 /* NSArray+JYLog.h */ = {isa = PBXFileReference; fileEncoding = 4; lastKnownFileType = sourcecode.c.h; path = "NSArray+JYLog.h"; sourceTree = "<group>"; };
		A3B136AF1F339F78005C6AF5 /* NSArray+JYLog.m */ = {isa = PBXFileReference; fileEncoding = 4; lastKnownFileType = sourcecode.c.objc; path = "NSArray+JYLog.m"; sourceTree = "<group>"; };
		A3B136B11F33D0E6005C6AF5 /* FoundationController.h */ = {isa = PBXFileReference; fileEncoding = 4; lastKnownFileType = sourcecode.c.h; path = FoundationController.h; sourceTree = "<group>"; };
		A3B136B21F33D0E6005C6AF5 /* FoundationController.m */ = {isa = PBXFileReference; fileEncoding = 4; lastKnownFileType = sourcecode.c.objc; path = FoundationController.m; sourceTree = "<group>"; };
		A3B136B31F33D0E6005C6AF5 /* FoundationController.xib */ = {isa = PBXFileReference; fileEncoding = 4; lastKnownFileType = file.xib; path = FoundationController.xib; sourceTree = "<group>"; };
		A3B136B61F33D125005C6AF5 /* UIKitController.h */ = {isa = PBXFileReference; fileEncoding = 4; lastKnownFileType = sourcecode.c.h; path = UIKitController.h; sourceTree = "<group>"; };
		A3B136B71F33D125005C6AF5 /* UIKitController.m */ = {isa = PBXFileReference; fileEncoding = 4; lastKnownFileType = sourcecode.c.objc; path = UIKitController.m; sourceTree = "<group>"; };
		A3B136B81F33D125005C6AF5 /* UIKitController.xib */ = {isa = PBXFileReference; fileEncoding = 4; lastKnownFileType = file.xib; path = UIKitController.xib; sourceTree = "<group>"; };
		A3B136BB1F33D91E005C6AF5 /* JYSwizzing.h */ = {isa = PBXFileReference; fileEncoding = 4; lastKnownFileType = sourcecode.c.h; path = JYSwizzing.h; sourceTree = "<group>"; };
		A3B136BC1F33D91E005C6AF5 /* JYSwizzing.m */ = {isa = PBXFileReference; fileEncoding = 4; lastKnownFileType = sourcecode.c.objc; path = JYSwizzing.m; sourceTree = "<group>"; };
/* End PBXFileReference section */

/* Begin PBXFrameworksBuildPhase section */
		A3B136841F339C39005C6AF5 /* Frameworks */ = {
			isa = PBXFrameworksBuildPhase;
			buildActionMask = 2147483647;
			files = (
			);
			runOnlyForDeploymentPostprocessing = 0;
		};
/* End PBXFrameworksBuildPhase section */

/* Begin PBXGroup section */
		A3B1367E1F339C39005C6AF5 = {
			isa = PBXGroup;
			children = (
				A3B136891F339C39005C6AF5 /* JYCategory */,
				A3B136881F339C39005C6AF5 /* Products */,
			);
			sourceTree = "<group>";
		};
		A3B136881F339C39005C6AF5 /* Products */ = {
			isa = PBXGroup;
			children = (
				A3B136871F339C39005C6AF5 /* JYCategory.app */,
			);
			name = Products;
			sourceTree = "<group>";
		};
		A3B136891F339C39005C6AF5 /* JYCategory */ = {
			isa = PBXGroup;
			children = (
				A3B136A91F339E9E005C6AF5 /* JYCategory */,
				A3B1368D1F339C39005C6AF5 /* AppDelegate.h */,
				A3B1368E1F339C39005C6AF5 /* AppDelegate.m */,
				A3B136A11F339D7A005C6AF5 /* ViewController.h */,
				A3B136A21F339D7A005C6AF5 /* ViewController.m */,
				A3B136A31F339D7A005C6AF5 /* ViewController.xib */,
				A3B136B11F33D0E6005C6AF5 /* FoundationController.h */,
				A3B136B21F33D0E6005C6AF5 /* FoundationController.m */,
				A3B136B31F33D0E6005C6AF5 /* FoundationController.xib */,
				A3B136B61F33D125005C6AF5 /* UIKitController.h */,
				A3B136B71F33D125005C6AF5 /* UIKitController.m */,
				A3B136B81F33D125005C6AF5 /* UIKitController.xib */,
				A3B136A81F339E7B005C6AF5 /* Resoure */,
				A3B1368A1F339C39005C6AF5 /* Supporting Files */,
			);
			path = JYCategory;
			sourceTree = "<group>";
		};
		A3B1368A1F339C39005C6AF5 /* Supporting Files */ = {
			isa = PBXGroup;
			children = (
				A3B1368B1F339C39005C6AF5 /* main.m */,
			);
			name = "Supporting Files";
			sourceTree = "<group>";
		};
		A3B136A81F339E7B005C6AF5 /* Resoure */ = {
			isa = PBXGroup;
			children = (
				A3B136A61F339E29005C6AF5 /* LaunchScreen.storyboard */,
				A3B1369B1F339C39005C6AF5 /* Info.plist */,
				A3B136961F339C39005C6AF5 /* Assets.xcassets */,
			);
			name = Resoure;
			sourceTree = "<group>";
		};
		A3B136A91F339E9E005C6AF5 /* JYCategory */ = {
			isa = PBXGroup;
			children = (
				A31A41BB1F33F0A600ED5406 /* JYCategory.h */,
				A3B136BB1F33D91E005C6AF5 /* JYSwizzing.h */,
				A3B136BC1F33D91E005C6AF5 /* JYSwizzing.m */,
				A3B136AA1F339E9E005C6AF5 /* Foundation */,
				A3B136AB1F339E9E005C6AF5 /* UIKit */,
			);
			path = JYCategory;
			sourceTree = "<group>";
		};
		A3B136AA1F339E9E005C6AF5 /* Foundation */ = {
			isa = PBXGroup;
			children = (
				A3B136AC1F339F2D005C6AF5 /* NSArray */,
				A3B136AD1F339F2D005C6AF5 /* NSDictionary */,
			);
			path = Foundation;
			sourceTree = "<group>";
		};
		A3B136AB1F339E9E005C6AF5 /* UIKit */ = {
			isa = PBXGroup;
			children = (
			);
			path = UIKit;
			sourceTree = "<group>";
		};
		A3B136AC1F339F2D005C6AF5 /* NSArray */ = {
			isa = PBXGroup;
			children = (
				A3B136AE1F339F78005C6AF5 /* NSArray+JYLog.h */,
				A3B136AF1F339F78005C6AF5 /* NSArray+JYLog.m */,
				A31A41B41F33ECCC00ED5406 /* NSArray+JYSafe.h */,
				A31A41B51F33ECCC00ED5406 /* NSArray+JYSafe.m */,
			);
			path = NSArray;
			sourceTree = "<group>";
		};
		A3B136AD1F339F2D005C6AF5 /* NSDictionary */ = {
			isa = PBXGroup;
			children = (
				A31FEA5E1F34E41700EC33E1 /* NSDictionary+JYSafe.h */,
				A31FEA5F1F34E41700EC33E1 /* NSDictionary+JYSafe.m */,
				A31FEA611F352A3E00EC33E1 /* NSDictionary+JYURL.h */,
				A31FEA621F352A3E00EC33E1 /* NSDictionary+JYURL.m */,
			);
			path = NSDictionary;
			sourceTree = "<group>";
		};
/* End PBXGroup section */

/* Begin PBXNativeTarget section */
		A3B136861F339C39005C6AF5 /* JYCategory */ = {
			isa = PBXNativeTarget;
			buildConfigurationList = A3B1369E1F339C39005C6AF5 /* Build configuration list for PBXNativeTarget "JYCategory" */;
			buildPhases = (
				A3B136831F339C39005C6AF5 /* Sources */,
				A3B136841F339C39005C6AF5 /* Frameworks */,
				A3B136851F339C39005C6AF5 /* Resources */,
			);
			buildRules = (
			);
			dependencies = (
			);
			name = JYCategory;
			productName = JYCategory;
			productReference = A3B136871F339C39005C6AF5 /* JYCategory.app */;
			productType = "com.apple.product-type.application";
		};
/* End PBXNativeTarget section */

/* Begin PBXProject section */
		A3B1367F1F339C39005C6AF5 /* Project object */ = {
			isa = PBXProject;
			attributes = {
				LastUpgradeCheck = 0830;
				ORGANIZATIONNAME = Dely;
				TargetAttributes = {
					A3B136861F339C39005C6AF5 = {
						CreatedOnToolsVersion = 8.3.2;
						ProvisioningStyle = Automatic;
					};
				};
			};
			buildConfigurationList = A3B136821F339C39005C6AF5 /* Build configuration list for PBXProject "JYCategory" */;
			compatibilityVersion = "Xcode 3.2";
			developmentRegion = English;
			hasScannedForEncodings = 0;
			knownRegions = (
				en,
				Base,
			);
			mainGroup = A3B1367E1F339C39005C6AF5;
			productRefGroup = A3B136881F339C39005C6AF5 /* Products */;
			projectDirPath = "";
			projectRoot = "";
			targets = (
				A3B136861F339C39005C6AF5 /* JYCategory */,
			);
		};
/* End PBXProject section */

/* Begin PBXResourcesBuildPhase section */
		A3B136851F339C39005C6AF5 /* Resources */ = {
			isa = PBXResourcesBuildPhase;
			buildActionMask = 2147483647;
			files = (
				A3B136B51F33D0E6005C6AF5 /* FoundationController.xib in Resources */,
				A3B136A71F339E29005C6AF5 /* LaunchScreen.storyboard in Resources */,
				A3B136A51F339D7A005C6AF5 /* ViewController.xib in Resources */,
				A3B136971F339C39005C6AF5 /* Assets.xcassets in Resources */,
				A3B136BA1F33D125005C6AF5 /* UIKitController.xib in Resources */,
			);
			runOnlyForDeploymentPostprocessing = 0;
		};
/* End PBXResourcesBuildPhase section */

/* Begin PBXSourcesBuildPhase section */
		A3B136831F339C39005C6AF5 /* Sources */ = {
			isa = PBXSourcesBuildPhase;
			buildActionMask = 2147483647;
			files = (
				A3B136BD1F33D91E005C6AF5 /* JYSwizzing.m in Sources */,
				A31FEA601F34E41700EC33E1 /* NSDictionary+JYSafe.m in Sources */,
				A3B136B91F33D125005C6AF5 /* UIKitController.m in Sources */,
				A3B136A41F339D7A005C6AF5 /* ViewController.m in Sources */,
				A3B1368F1F339C39005C6AF5 /* AppDelegate.m in Sources */,
				A31FEA631F352A3E00EC33E1 /* NSDictionary+JYURL.m in Sources */,
				A3B136B41F33D0E6005C6AF5 /* FoundationController.m in Sources */,
				A3B136B01F339F78005C6AF5 /* NSArray+JYLog.m in Sources */,
				A3B1368C1F339C39005C6AF5 /* main.m in Sources */,
				A31A41B81F33ECCC00ED5406 /* NSArray+JYSafe.m in Sources */,
			);
			runOnlyForDeploymentPostprocessing = 0;
		};
/* End PBXSourcesBuildPhase section */

/* Begin XCBuildConfiguration section */
		A3B1369C1F339C39005C6AF5 /* Debug */ = {
			isa = XCBuildConfiguration;
			buildSettings = {
				ALWAYS_SEARCH_USER_PATHS = NO;
				CLANG_ANALYZER_NONNULL = YES;
				CLANG_ANALYZER_NUMBER_OBJECT_CONVERSION = YES_AGGRESSIVE;
				CLANG_CXX_LANGUAGE_STANDARD = "gnu++0x";
				CLANG_CXX_LIBRARY = "libc++";
				CLANG_ENABLE_MODULES = YES;
				CLANG_ENABLE_OBJC_ARC = YES;
				CLANG_WARN_BOOL_CONVERSION = YES;
				CLANG_WARN_CONSTANT_CONVERSION = YES;
				CLANG_WARN_DIRECT_OBJC_ISA_USAGE = YES_ERROR;
				CLANG_WARN_DOCUMENTATION_COMMENTS = YES;
				CLANG_WARN_EMPTY_BODY = YES;
				CLANG_WARN_ENUM_CONVERSION = YES;
				CLANG_WARN_INFINITE_RECURSION = YES;
				CLANG_WARN_INT_CONVERSION = YES;
				CLANG_WARN_OBJC_ROOT_CLASS = YES_ERROR;
				CLANG_WARN_SUSPICIOUS_MOVE = YES;
				CLANG_WARN_UNREACHABLE_CODE = YES;
				CLANG_WARN__DUPLICATE_METHOD_MATCH = YES;
				"CODE_SIGN_IDENTITY[sdk=iphoneos*]" = "iPhone Developer";
				COPY_PHASE_STRIP = NO;
				DEBUG_INFORMATION_FORMAT = dwarf;
				ENABLE_STRICT_OBJC_MSGSEND = YES;
				ENABLE_TESTABILITY = YES;
				GCC_C_LANGUAGE_STANDARD = gnu99;
				GCC_DYNAMIC_NO_PIC = NO;
				GCC_NO_COMMON_BLOCKS = YES;
				GCC_OPTIMIZATION_LEVEL = 0;
				GCC_PREPROCESSOR_DEFINITIONS = (
					"DEBUG=1",
					"$(inherited)",
				);
				GCC_WARN_64_TO_32_BIT_CONVERSION = YES;
				GCC_WARN_ABOUT_RETURN_TYPE = YES_ERROR;
				GCC_WARN_UNDECLARED_SELECTOR = YES;
				GCC_WARN_UNINITIALIZED_AUTOS = YES_AGGRESSIVE;
				GCC_WARN_UNUSED_FUNCTION = YES;
				GCC_WARN_UNUSED_VARIABLE = YES;
				IPHONEOS_DEPLOYMENT_TARGET = 10.3;
				MTL_ENABLE_DEBUG_INFO = YES;
				ONLY_ACTIVE_ARCH = YES;
				SDKROOT = iphoneos;
				TARGETED_DEVICE_FAMILY = "1,2";
			};
			name = Debug;
		};
		A3B1369D1F339C39005C6AF5 /* Release */ = {
			isa = XCBuildConfiguration;
			buildSettings = {
				ALWAYS_SEARCH_USER_PATHS = NO;
				CLANG_ANALYZER_NONNULL = YES;
				CLANG_ANALYZER_NUMBER_OBJECT_CONVERSION = YES_AGGRESSIVE;
				CLANG_CXX_LANGUAGE_STANDARD = "gnu++0x";
				CLANG_CXX_LIBRARY = "libc++";
				CLANG_ENABLE_MODULES = YES;
				CLANG_ENABLE_OBJC_ARC = YES;
				CLANG_WARN_BOOL_CONVERSION = YES;
				CLANG_WARN_CONSTANT_CONVERSION = YES;
				CLANG_WARN_DIRECT_OBJC_ISA_USAGE = YES_ERROR;
				CLANG_WARN_DOCUMENTATION_COMMENTS = YES;
				CLANG_WARN_EMPTY_BODY = YES;
				CLANG_WARN_ENUM_CONVERSION = YES;
				CLANG_WARN_INFINITE_RECURSION = YES;
				CLANG_WARN_INT_CONVERSION = YES;
				CLANG_WARN_OBJC_ROOT_CLASS = YES_ERROR;
				CLANG_WARN_SUSPICIOUS_MOVE = YES;
				CLANG_WARN_UNREACHABLE_CODE = YES;
				CLANG_WARN__DUPLICATE_METHOD_MATCH = YES;
				"CODE_SIGN_IDENTITY[sdk=iphoneos*]" = "iPhone Developer";
				COPY_PHASE_STRIP = NO;
				DEBUG_INFORMATION_FORMAT = "dwarf-with-dsym";
				ENABLE_NS_ASSERTIONS = NO;
				ENABLE_STRICT_OBJC_MSGSEND = YES;
				GCC_C_LANGUAGE_STANDARD = gnu99;
				GCC_NO_COMMON_BLOCKS = YES;
				GCC_WARN_64_TO_32_BIT_CONVERSION = YES;
				GCC_WARN_ABOUT_RETURN_TYPE = YES_ERROR;
				GCC_WARN_UNDECLARED_SELECTOR = YES;
				GCC_WARN_UNINITIALIZED_AUTOS = YES_AGGRESSIVE;
				GCC_WARN_UNUSED_FUNCTION = YES;
				GCC_WARN_UNUSED_VARIABLE = YES;
				IPHONEOS_DEPLOYMENT_TARGET = 10.3;
				MTL_ENABLE_DEBUG_INFO = NO;
				SDKROOT = iphoneos;
				TARGETED_DEVICE_FAMILY = "1,2";
				VALIDATE_PRODUCT = YES;
			};
			name = Release;
		};
		A3B1369F1F339C39005C6AF5 /* Debug */ = {
			isa = XCBuildConfiguration;
			buildSettings = {
				ASSETCATALOG_COMPILER_APPICON_NAME = AppIcon;
				INFOPLIST_FILE = JYCategory/Info.plist;
				LD_RUNPATH_SEARCH_PATHS = "$(inherited) @executable_path/Frameworks";
				PRODUCT_BUNDLE_IDENTIFIER = Dely.JYCategory;
				PRODUCT_NAME = "$(TARGET_NAME)";
			};
			name = Debug;
		};
		A3B136A01F339C39005C6AF5 /* Release */ = {
			isa = XCBuildConfiguration;
			buildSettings = {
				ASSETCATALOG_COMPILER_APPICON_NAME = AppIcon;
				INFOPLIST_FILE = JYCategory/Info.plist;
				LD_RUNPATH_SEARCH_PATHS = "$(inherited) @executable_path/Frameworks";
				PRODUCT_BUNDLE_IDENTIFIER = Dely.JYCategory;
				PRODUCT_NAME = "$(TARGET_NAME)";
			};
			name = Release;
		};
/* End XCBuildConfiguration section */

/* Begin XCConfigurationList section */
		A3B136821F339C39005C6AF5 /* Build configuration list for PBXProject "JYCategory" */ = {
			isa = XCConfigurationList;
			buildConfigurations = (
				A3B1369C1F339C39005C6AF5 /* Debug */,
				A3B1369D1F339C39005C6AF5 /* Release */,
			);
			defaultConfigurationIsVisible = 0;
			defaultConfigurationName = Release;
		};
		A3B1369E1F339C39005C6AF5 /* Build configuration list for PBXNativeTarget "JYCategory" */ = {
			isa = XCConfigurationList;
			buildConfigurations = (
				A3B1369F1F339C39005C6AF5 /* Debug */,
				A3B136A01F339C39005C6AF5 /* Release */,
			);
			defaultConfigurationIsVisible = 0;
			defaultConfigurationName = Release;
		};
/* End XCConfigurationList section */
	};
	rootObject = A3B1367F1F339C39005C6AF5 /* Project object */;
}
