// !$*UTF8*$!
{
	archiveVersion = 1;
	classes = {
	};
	objectVersion = 46;
	objects = {

/* Begin PBXBuildFile section */
		A31A41B81F33ECCC00ED5406 /* NSArray+JYSafe.m in Sources */ = {isa = PBXBuildFile; fileRef = A31A41B51F33ECCC00ED5406 /* NSArray+JYSafe.m */; };
		A31FEA601F34E41700EC33E1 /* NSDictionary+JYSafe.m in Sources */ = {isa = PBXBuildFile; fileRef = A31FEA5F1F34E41700EC33E1 /* NSDictionary+JYSafe.m */; };
		A31FEA631F352A3E00EC33E1 /* NSDictionary+JYURL.m in Sources */ = {isa = PBXBuildFile; fileRef = A31FEA621F352A3E00EC33E1 /* NSDictionary+JYURL.m */; };
		A33683B01F3A262D001D051F /* JYSwizzing.m in Sources */ = {isa = PBXBuildFile; fileRef = A33683AF1F3A262D001D051F /* JYSwizzing.m */; };
		A33683B31F3A2665001D051F /* JYBase64.m in Sources */ = {isa = PBXBuildFile; fileRef = A33683B21F3A2665001D051F /* JYBase64.m */; };
		A33683BA1F3A3B92001D051F /* JY3DES.m in Sources */ = {isa = PBXBuildFile; fileRef = A33683B91F3A3B92001D051F /* JY3DES.m */; };
		A38778061F38D4C9004C90F4 /* NSFileManager+JYPath.m in Sources */ = {isa = PBXBuildFile; fileRef = A38778051F38D4C9004C90F4 /* NSFileManager+JYPath.m */; };
		A387780A1F39227B004C90F4 /* NSString+JYURLEncode.m in Sources */ = {isa = PBXBuildFile; fileRef = A38778091F39227B004C90F4 /* NSString+JYURLEncode.m */; };
		A387780D1F392735004C90F4 /* NSString+JYJudge.m in Sources */ = {isa = PBXBuildFile; fileRef = A387780C1F392735004C90F4 /* NSString+JYJudge.m */; };
		A38778101F392C61004C90F4 /* NSString+JYCommon.m in Sources */ = {isa = PBXBuildFile; fileRef = A387780F1F392C61004C90F4 /* NSString+JYCommon.m */; };
		A38778131F393550004C90F4 /* NSString+JYTransform.m in Sources */ = {isa = PBXBuildFile; fileRef = A38778121F393550004C90F4 /* NSString+JYTransform.m */; };
		A3B1368C1F339C39005C6AF5 /* main.m in Sources */ = {isa = PBXBuildFile; fileRef = A3B1368B1F339C39005C6AF5 /* main.m */; };
		A3B1368F1F339C39005C6AF5 /* AppDelegate.m in Sources */ = {isa = PBXBuildFile; fileRef = A3B1368E1F339C39005C6AF5 /* AppDelegate.m */; };
		A3B136971F339C39005C6AF5 /* Assets.xcassets in Resources */ = {isa = PBXBuildFile; fileRef = A3B136961F339C39005C6AF5 /* Assets.xcassets */; };
		A3B136A41F339D7A005C6AF5 /* ViewController.m in Sources */ = {isa = PBXBuildFile; fileRef = A3B136A21F339D7A005C6AF5 /* ViewController.m */; };
		A3B136A51F339D7A005C6AF5 /* ViewController.xib in Resources */ = {isa = PBXBuildFile; fileRef = A3B136A31F339D7A005C6AF5 /* ViewController.xib */; };
		A3B136A71F339E29005C6AF5 /* LaunchScreen.storyboard in Resources */ = {isa = PBXBuildFile; fileRef = A3B136A61F339E29005C6AF5 /* LaunchScreen.storyboard */; };
		A3B136B01F339F78005C6AF5 /* NSArray+JYLog.m in Sources */ = {isa = PBXBuildFile; fileRef = A3B136AF1F339F78005C6AF5 /* NSArray+JYLog.m */; };
		A3B136B41F33D0E6005C6AF5 /* FoundationController.m in Sources */ = {isa = PBXBuildFile; fileRef = A3B136B21F33D0E6005C6AF5 /* FoundationController.m */; };
		A3B136B51F33D0E6005C6AF5 /* FoundationController.xib in Resources */ = {isa = PBXBuildFile; fileRef = A3B136B31F33D0E6005C6AF5 /* FoundationController.xib */; };
		A3F53E1F1F3B7CB30031599D /* NSUserDefaults+JYSafe.m in Sources */ = {isa = PBXBuildFile; fileRef = A3F53E1E1F3B7CB30031599D /* NSUserDefaults+JYSafe.m */; };
		A3F53E221F3B83CC0031599D /* NSData+JYHandle.m in Sources */ = {isa = PBXBuildFile; fileRef = A3F53E211F3B83CC0031599D /* NSData+JYHandle.m */; };
		A3F53E261F3B85C90031599D /* NSDate+JYHandle.m in Sources */ = {isa = PBXBuildFile; fileRef = A3F53E251F3B85C90031599D /* NSDate+JYHandle.m */; };
		A3F53E321F3BBEEC0031599D /* UKController.m in Sources */ = {isa = PBXBuildFile; fileRef = A3F53E301F3BBEEC0031599D /* UKController.m */; };
		A3F53E331F3BBEEC0031599D /* UKController.xib in Resources */ = {isa = PBXBuildFile; fileRef = A3F53E311F3BBEEC0031599D /* UKController.xib */; };
		A3F53E381F3BCFA80031599D /* UIDevice+JYInfo.m in Sources */ = {isa = PBXBuildFile; fileRef = A3F53E371F3BCFA80031599D /* UIDevice+JYInfo.m */; };
		A3F53E3B1F3BD1CF0031599D /* UIColor+JYCommon.m in Sources */ = {isa = PBXBuildFile; fileRef = A3F53E3A1F3BD1CF0031599D /* UIColor+JYCommon.m */; };
/* End PBXBuildFile section */

/* Begin PBXFileReference section */
		A31A41B41F33ECCC00ED5406 /* NSArray+JYSafe.h */ = {isa = PBXFileReference; fileEncoding = 4; lastKnownFileType = sourcecode.c.h; path = "NSArray+JYSafe.h"; sourceTree = "<group>"; };
		A31A41B51F33ECCC00ED5406 /* NSArray+JYSafe.m */ = {isa = PBXFileReference; fileEncoding = 4; lastKnownFileType = sourcecode.c.objc; path = "NSArray+JYSafe.m"; sourceTree = "<group>"; };
		A31A41BB1F33F0A600ED5406 /* JYCategory.h */ = {isa = PBXFileReference; fileEncoding = 4; lastKnownFileType = sourcecode.c.h; path = JYCategory.h; sourceTree = "<group>"; };
		A31FEA5E1F34E41700EC33E1 /* NSDictionary+JYSafe.h */ = {isa = PBXFileReference; fileEncoding = 4; lastKnownFileType = sourcecode.c.h; path = "NSDictionary+JYSafe.h"; sourceTree = "<group>"; };
		A31FEA5F1F34E41700EC33E1 /* NSDictionary+JYSafe.m */ = {isa = PBXFileReference; fileEncoding = 4; lastKnownFileType = sourcecode.c.objc; path = "NSDictionary+JYSafe.m"; sourceTree = "<group>"; };
		A31FEA611F352A3E00EC33E1 /* NSDictionary+JYURL.h */ = {isa = PBXFileReference; fileEncoding = 4; lastKnownFileType = sourcecode.c.h; path = "NSDictionary+JYURL.h"; sourceTree = "<group>"; };
		A31FEA621F352A3E00EC33E1 /* NSDictionary+JYURL.m */ = {isa = PBXFileReference; fileEncoding = 4; lastKnownFileType = sourcecode.c.objc; path = "NSDictionary+JYURL.m"; sourceTree = "<group>"; };
		A33683AE1F3A262D001D051F /* JYSwizzing.h */ = {isa = PBXFileReference; fileEncoding = 4; lastKnownFileType = sourcecode.c.h; path = JYSwizzing.h; sourceTree = "<group>"; };
		A33683AF1F3A262D001D051F /* JYSwizzing.m */ = {isa = PBXFileReference; fileEncoding = 4; lastKnownFileType = sourcecode.c.objc; path = JYSwizzing.m; sourceTree = "<group>"; };
		A33683B11F3A2665001D051F /* JYBase64.h */ = {isa = PBXFileReference; fileEncoding = 4; lastKnownFileType = sourcecode.c.h; path = JYBase64.h; sourceTree = "<group>"; };
		A33683B21F3A2665001D051F /* JYBase64.m */ = {isa = PBXFileReference; fileEncoding = 4; lastKnownFileType = sourcecode.c.objc; path = JYBase64.m; sourceTree = "<group>"; };
		A33683B81F3A3B92001D051F /* JY3DES.h */ = {isa = PBXFileReference; fileEncoding = 4; lastKnownFileType = sourcecode.c.h; path = JY3DES.h; sourceTree = "<group>"; };
		A33683B91F3A3B92001D051F /* JY3DES.m */ = {isa = PBXFileReference; fileEncoding = 4; lastKnownFileType = sourcecode.c.objc; path = JY3DES.m; sourceTree = "<group>"; };
		A38778041F38D4C9004C90F4 /* NSFileManager+JYPath.h */ = {isa = PBXFileReference; fileEncoding = 4; lastKnownFileType = sourcecode.c.h; path = "NSFileManager+JYPath.h"; sourceTree = "<group>"; };
		A38778051F38D4C9004C90F4 /* NSFileManager+JYPath.m */ = {isa = PBXFileReference; fileEncoding = 4; lastKnownFileType = sourcecode.c.objc; path = "NSFileManager+JYPath.m"; sourceTree = "<group>"; };
		A38778081F39227B004C90F4 /* NSString+JYURLEncode.h */ = {isa = PBXFileReference; fileEncoding = 4; lastKnownFileType = sourcecode.c.h; path = "NSString+JYURLEncode.h"; sourceTree = "<group>"; };
		A38778091F39227B004C90F4 /* NSString+JYURLEncode.m */ = {isa = PBXFileReference; fileEncoding = 4; lastKnownFileType = sourcecode.c.objc; path = "NSString+JYURLEncode.m"; sourceTree = "<group>"; };
		A387780B1F392735004C90F4 /* NSString+JYJudge.h */ = {isa = PBXFileReference; fileEncoding = 4; lastKnownFileType = sourcecode.c.h; path = "NSString+JYJudge.h"; sourceTree = "<group>"; };
		A387780C1F392735004C90F4 /* NSString+JYJudge.m */ = {isa = PBXFileReference; fileEncoding = 4; lastKnownFileType = sourcecode.c.objc; path = "NSString+JYJudge.m"; sourceTree = "<group>"; };
		A387780E1F392C61004C90F4 /* NSString+JYCommon.h */ = {isa = PBXFileReference; fileEncoding = 4; lastKnownFileType = sourcecode.c.h; path = "NSString+JYCommon.h"; sourceTree = "<group>"; };
		A387780F1F392C61004C90F4 /* NSString+JYCommon.m */ = {isa = PBXFileReference; fileEncoding = 4; lastKnownFileType = sourcecode.c.objc; path = "NSString+JYCommon.m"; sourceTree = "<group>"; };
		A38778111F393550004C90F4 /* NSString+JYTransform.h */ = {isa = PBXFileReference; fileEncoding = 4; lastKnownFileType = sourcecode.c.h; path = "NSString+JYTransform.h"; sourceTree = "<group>"; };
		A38778121F393550004C90F4 /* NSString+JYTransform.m */ = {isa = PBXFileReference; fileEncoding = 4; lastKnownFileType = sourcecode.c.objc; path = "NSString+JYTransform.m"; sourceTree = "<group>"; };
		A3B136871F339C39005C6AF5 /* JYCategory.app */ = {isa = PBXFileReference; explicitFileType = wrapper.application; includeInIndex = 0; path = JYCategory.app; sourceTree = BUILT_PRODUCTS_DIR; };
		A3B1368B1F339C39005C6AF5 /* main.m */ = {isa = PBXFileReference; lastKnownFileType = sourcecode.c.objc; path = main.m; sourceTree = "<group>"; };
		A3B1368D1F339C39005C6AF5 /* AppDelegate.h */ = {isa = PBXFileReference; lastKnownFileType = sourcecode.c.h; path = AppDelegate.h; sourceTree = "<group>"; };
		A3B1368E1F339C39005C6AF5 /* AppDelegate.m */ = {isa = PBXFileReference; lastKnownFileType = sourcecode.c.objc; path = AppDelegate.m; sourceTree = "<group>"; };
		A3B136961F339C39005C6AF5 /* Assets.xcassets */ = {isa = PBXFileReference; lastKnownFileType = folder.assetcatalog; path = Assets.xcassets; sourceTree = "<group>"; };
		A3B1369B1F339C39005C6AF5 /* Info.plist */ = {isa = PBXFileReference; lastKnownFileType = text.plist.xml; path = Info.plist; sourceTree = "<group>"; };
		A3B136A11F339D7A005C6AF5 /* ViewController.h */ = {isa = PBXFileReference; fileEncoding = 4; lastKnownFileType = sourcecode.c.h; path = ViewController.h; sourceTree = "<group>"; };
		A3B136A21F339D7A005C6AF5 /* ViewController.m */ = {isa = PBXFileReference; fileEncoding = 4; lastKnownFileType = sourcecode.c.objc; path = ViewController.m; sourceTree = "<group>"; };
		A3B136A31F339D7A005C6AF5 /* ViewController.xib */ = {isa = PBXFileReference; fileEncoding = 4; lastKnownFileType = file.xib; path = ViewController.xib; sourceTree = "<group>"; };
		A3B136A61F339E29005C6AF5 /* LaunchScreen.storyboard */ = {isa = PBXFileReference; fileEncoding = 4; lastKnownFileType = file.storyboard; path = LaunchScreen.storyboard; sourceTree = "<group>"; };
		A3B136AE1F339F78005C6AF5 /* NSArray+JYLog.h */ = {isa = PBXFileReference; fileEncoding = 4; lastKnownFileType = sourcecode.c.h; path = "NSArray+JYLog.h"; sourceTree = "<group>"; };
		A3B136AF1F339F78005C6AF5 /* NSArray+JYLog.m */ = {isa = PBXFileReference; fileEncoding = 4; lastKnownFileType = sourcecode.c.objc; path = "NSArray+JYLog.m"; sourceTree = "<group>"; };
		A3B136B11F33D0E6005C6AF5 /* FoundationController.h */ = {isa = PBXFileReference; fileEncoding = 4; lastKnownFileType = sourcecode.c.h; path = FoundationController.h; sourceTree = "<group>"; };
		A3B136B21F33D0E6005C6AF5 /* FoundationController.m */ = {isa = PBXFileReference; fileEncoding = 4; lastKnownFileType = sourcecode.c.objc; path = FoundationController.m; sourceTree = "<group>"; };
		A3B136B31F33D0E6005C6AF5 /* FoundationController.xib */ = {isa = PBXFileReference; fileEncoding = 4; lastKnownFileType = file.xib; path = FoundationController.xib; sourceTree = "<group>"; };
		A3F53E1D1F3B7CB30031599D /* NSUserDefaults+JYSafe.h */ = {isa = PBXFileReference; fileEncoding = 4; lastKnownFileType = sourcecode.c.h; path = "NSUserDefaults+JYSafe.h"; sourceTree = "<group>"; };
		A3F53E1E1F3B7CB30031599D /* NSUserDefaults+JYSafe.m */ = {isa = PBXFileReference; fileEncoding = 4; lastKnownFileType = sourcecode.c.objc; path = "NSUserDefaults+JYSafe.m"; sourceTree = "<group>"; };
		A3F53E201F3B83CC0031599D /* NSData+JYHandle.h */ = {isa = PBXFileReference; fileEncoding = 4; lastKnownFileType = sourcecode.c.h; path = "NSData+JYHandle.h"; sourceTree = "<group>"; };
		A3F53E211F3B83CC0031599D /* NSData+JYHandle.m */ = {isa = PBXFileReference; fileEncoding = 4; lastKnownFileType = sourcecode.c.objc; path = "NSData+JYHandle.m"; sourceTree = "<group>"; };
		A3F53E241F3B85C90031599D /* NSDate+JYHandle.h */ = {isa = PBXFileReference; fileEncoding = 4; lastKnownFileType = sourcecode.c.h; path = "NSDate+JYHandle.h"; sourceTree = "<group>"; };
		A3F53E251F3B85C90031599D /* NSDate+JYHandle.m */ = {isa = PBXFileReference; fileEncoding = 4; lastKnownFileType = sourcecode.c.objc; path = "NSDate+JYHandle.m"; sourceTree = "<group>"; };
		A3F53E2F1F3BBEEC0031599D /* UKController.h */ = {isa = PBXFileReference; fileEncoding = 4; lastKnownFileType = sourcecode.c.h; path = UKController.h; sourceTree = "<group>"; };
		A3F53E301F3BBEEC0031599D /* UKController.m */ = {isa = PBXFileReference; fileEncoding = 4; lastKnownFileType = sourcecode.c.objc; path = UKController.m; sourceTree = "<group>"; };
		A3F53E311F3BBEEC0031599D /* UKController.xib */ = {isa = PBXFileReference; fileEncoding = 4; lastKnownFileType = file.xib; path = UKController.xib; sourceTree = "<group>"; };
		A3F53E361F3BCFA80031599D /* UIDevice+JYInfo.h */ = {isa = PBXFileReference; fileEncoding = 4; lastKnownFileType = sourcecode.c.h; path = "UIDevice+JYInfo.h"; sourceTree = "<group>"; };
		A3F53E371F3BCFA80031599D /* UIDevice+JYInfo.m */ = {isa = PBXFileReference; fileEncoding = 4; lastKnownFileType = sourcecode.c.objc; path = "UIDevice+JYInfo.m"; sourceTree = "<group>"; };
		A3F53E391F3BD1CF0031599D /* UIColor+JYCommon.h */ = {isa = PBXFileReference; fileEncoding = 4; lastKnownFileType = sourcecode.c.h; path = "UIColor+JYCommon.h"; sourceTree = "<group>"; };
		A3F53E3A1F3BD1CF0031599D /* UIColor+JYCommon.m */ = {isa = PBXFileReference; fileEncoding = 4; lastKnownFileType = sourcecode.c.objc; path = "UIColor+JYCommon.m"; sourceTree = "<group>"; };
/* End PBXFileReference section */

/* Begin PBXFrameworksBuildPhase section */
		A3B136841F339C39005C6AF5 /* Frameworks */ = {
			isa = PBXFrameworksBuildPhase;
			buildActionMask = 2147483647;
			files = (
			);
			runOnlyForDeploymentPostprocessing = 0;
		};
/* End PBXFrameworksBuildPhase section */

/* Begin PBXGroup section */
		A31FEA641F353D9C00EC33E1 /* NSFileManager */ = {
			isa = PBXGroup;
			children = (
				A38778041F38D4C9004C90F4 /* NSFileManager+JYPath.h */,
				A38778051F38D4C9004C90F4 /* NSFileManager+JYPath.m */,
			);
			path = NSFileManager;
			sourceTree = "<group>";
		};
		A33683AB1F3A262D001D051F /* Core */ = {
			isa = PBXGroup;
			children = (
				A33683B41F3A3B25001D051F /* 3DES */,
				A33683AC1F3A262D001D051F /* Base64 */,
				A33683AD1F3A262D001D051F /* SwizzMethod */,
			);
			path = Core;
			sourceTree = "<group>";
		};
		A33683AC1F3A262D001D051F /* Base64 */ = {
			isa = PBXGroup;
			children = (
				A33683B11F3A2665001D051F /* JYBase64.h */,
				A33683B21F3A2665001D051F /* JYBase64.m */,
			);
			path = Base64;
			sourceTree = "<group>";
		};
		A33683AD1F3A262D001D051F /* SwizzMethod */ = {
			isa = PBXGroup;
			children = (
				A33683AE1F3A262D001D051F /* JYSwizzing.h */,
				A33683AF1F3A262D001D051F /* JYSwizzing.m */,
			);
			path = SwizzMethod;
			sourceTree = "<group>";
		};
		A33683B41F3A3B25001D051F /* 3DES */ = {
			isa = PBXGroup;
			children = (
				A33683B81F3A3B92001D051F /* JY3DES.h */,
				A33683B91F3A3B92001D051F /* JY3DES.m */,
			);
			path = 3DES;
			sourceTree = "<group>";
		};
		A38778071F3921A6004C90F4 /* NSString */ = {
			isa = PBXGroup;
			children = (
				A387780B1F392735004C90F4 /* NSString+JYJudge.h */,
				A387780C1F392735004C90F4 /* NSString+JYJudge.m */,
				A38778081F39227B004C90F4 /* NSString+JYURLEncode.h */,
				A38778091F39227B004C90F4 /* NSString+JYURLEncode.m */,
				A387780E1F392C61004C90F4 /* NSString+JYCommon.h */,
				A387780F1F392C61004C90F4 /* NSString+JYCommon.m */,
				A38778111F393550004C90F4 /* NSString+JYTransform.h */,
				A38778121F393550004C90F4 /* NSString+JYTransform.m */,
			);
			path = NSString;
			sourceTree = "<group>";
		};
		A3B1367E1F339C39005C6AF5 = {
			isa = PBXGroup;
			children = (
				A3B136891F339C39005C6AF5 /* JYCategory */,
				A3B136881F339C39005C6AF5 /* Products */,
			);
			sourceTree = "<group>";
		};
		A3B136881F339C39005C6AF5 /* Products */ = {
			isa = PBXGroup;
			children = (
				A3B136871F339C39005C6AF5 /* JYCategory.app */,
			);
			name = Products;
			sourceTree = "<group>";
		};
		A3B136891F339C39005C6AF5 /* JYCategory */ = {
			isa = PBXGroup;
			children = (
				A3B136A91F339E9E005C6AF5 /* JYCategory */,
				A3B1368D1F339C39005C6AF5 /* AppDelegate.h */,
				A3B1368E1F339C39005C6AF5 /* AppDelegate.m */,
				A3B136A11F339D7A005C6AF5 /* ViewController.h */,
				A3B136A21F339D7A005C6AF5 /* ViewController.m */,
				A3B136A31F339D7A005C6AF5 /* ViewController.xib */,
				A3B136B11F33D0E6005C6AF5 /* FoundationController.h */,
				A3B136B21F33D0E6005C6AF5 /* FoundationController.m */,
				A3B136B31F33D0E6005C6AF5 /* FoundationController.xib */,
				A3F53E2F1F3BBEEC0031599D /* UKController.h */,
				A3F53E301F3BBEEC0031599D /* UKController.m */,
				A3F53E311F3BBEEC0031599D /* UKController.xib */,
				A3B136A81F339E7B005C6AF5 /* Resoure */,
				A3B1368A1F339C39005C6AF5 /* Supporting Files */,
			);
			path = JYCategory;
			sourceTree = "<group>";
		};
		A3B1368A1F339C39005C6AF5 /* Supporting Files */ = {
			isa = PBXGroup;
			children = (
				A3B1368B1F339C39005C6AF5 /* main.m */,
			);
			name = "Supporting Files";
			sourceTree = "<group>";
		};
		A3B136A81F339E7B005C6AF5 /* Resoure */ = {
			isa = PBXGroup;
			children = (
				A3B136A61F339E29005C6AF5 /* LaunchScreen.storyboard */,
				A3B1369B1F339C39005C6AF5 /* Info.plist */,
				A3B136961F339C39005C6AF5 /* Assets.xcassets */,
			);
			name = Resoure;
			sourceTree = "<group>";
		};
		A3B136A91F339E9E005C6AF5 /* JYCategory */ = {
			isa = PBXGroup;
			children = (
				A31A41BB1F33F0A600ED5406 /* JYCategory.h */,
				A33683AB1F3A262D001D051F /* Core */,
				A3B136AA1F339E9E005C6AF5 /* Foundation */,
				A3B136AB1F339E9E005C6AF5 /* UIKit */,
			);
			path = JYCategory;
			sourceTree = "<group>";
		};
		A3B136AA1F339E9E005C6AF5 /* Foundation */ = {
			isa = PBXGroup;
			children = (
				A3F53E1B1F3B7C7B0031599D /* NSData */,
				A3F53E231F3B857E0031599D /* NSDate */,
				A3B136AC1F339F2D005C6AF5 /* NSArray */,
				A38778071F3921A6004C90F4 /* NSString */,
				A3B136AD1F339F2D005C6AF5 /* NSDictionary */,
				A31FEA641F353D9C00EC33E1 /* NSFileManager */,
				A3F53E1C1F3B7C7B0031599D /* NSUserDefaults */,
			);
			path = Foundation;
			sourceTree = "<group>";
		};
		A3B136AB1F339E9E005C6AF5 /* UIKit */ = {
			isa = PBXGroup;
			children = (
				A3F53E341F3BCFA80031599D /* UIColor */,
				A3F53E351F3BCFA80031599D /* UIDevice */,
			);
			path = UIKit;
			sourceTree = "<group>";
		};
		A3B136AC1F339F2D005C6AF5 /* NSArray */ = {
			isa = PBXGroup;
			children = (
				A3B136AE1F339F78005C6AF5 /* NSArray+JYLog.h */,
				A3B136AF1F339F78005C6AF5 /* NSArray+JYLog.m */,
				A31A41B41F33ECCC00ED5406 /* NSArray+JYSafe.h */,
				A31A41B51F33ECCC00ED5406 /* NSArray+JYSafe.m */,
			);
			path = NSArray;
			sourceTree = "<group>";
		};
		A3B136AD1F339F2D005C6AF5 /* NSDictionary */ = {
			isa = PBXGroup;
			children = (
				A31FEA5E1F34E41700EC33E1 /* NSDictionary+JYSafe.h */,
				A31FEA5F1F34E41700EC33E1 /* NSDictionary+JYSafe.m */,
				A31FEA611F352A3E00EC33E1 /* NSDictionary+JYURL.h */,
				A31FEA621F352A3E00EC33E1 /* NSDictionary+JYURL.m */,
			);
			path = NSDictionary;
			sourceTree = "<group>";
		};
		A3F53E1B1F3B7C7B0031599D /* NSData */ = {
			isa = PBXGroup;
			children = (
				A3F53E201F3B83CC0031599D /* NSData+JYHandle.h */,
				A3F53E211F3B83CC0031599D /* NSData+JYHandle.m */,
			);
			path = NSData;
			sourceTree = "<group>";
		};
		A3F53E1C1F3B7C7B0031599D /* NSUserDefaults */ = {
			isa = PBXGroup;
			children = (
				A3F53E1D1F3B7CB30031599D /* NSUserDefaults+JYSafe.h */,
				A3F53E1E1F3B7CB30031599D /* NSUserDefaults+JYSafe.m */,
			);
			path = NSUserDefaults;
			sourceTree = "<group>";
		};
		A3F53E231F3B857E0031599D /* NSDate */ = {
			isa = PBXGroup;
			children = (
				A3F53E241F3B85C90031599D /* NSDate+JYHandle.h */,
				A3F53E251F3B85C90031599D /* NSDate+JYHandle.m */,
			);
			path = NSDate;
			sourceTree = "<group>";
		};
		A3F53E341F3BCFA80031599D /* UIColor */ = {
			isa = PBXGroup;
			children = (
				A3F53E391F3BD1CF0031599D /* UIColor+JYCommon.h */,
				A3F53E3A1F3BD1CF0031599D /* UIColor+JYCommon.m */,
			);
			path = UIColor;
			sourceTree = "<group>";
		};
		A3F53E351F3BCFA80031599D /* UIDevice */ = {
			isa = PBXGroup;
			children = (
				A3F53E361F3BCFA80031599D /* UIDevice+JYInfo.h */,
				A3F53E371F3BCFA80031599D /* UIDevice+JYInfo.m */,
			);
			path = UIDevice;
			sourceTree = "<group>";
		};
/* End PBXGroup section */

/* Begin PBXNativeTarget section */
		A3B136861F339C39005C6AF5 /* JYCategory */ = {
			isa = PBXNativeTarget;
			buildConfigurationList = A3B1369E1F339C39005C6AF5 /* Build configuration list for PBXNativeTarget "JYCategory" */;
			buildPhases = (
				A3B136831F339C39005C6AF5 /* Sources */,
				A3B136841F339C39005C6AF5 /* Frameworks */,
				A3B136851F339C39005C6AF5 /* Resources */,
			);
			buildRules = (
			);
			dependencies = (
			);
			name = JYCategory;
			productName = JYCategory;
			productReference = A3B136871F339C39005C6AF5 /* JYCategory.app */;
			productType = "com.apple.product-type.application";
		};
/* End PBXNativeTarget section */

/* Begin PBXProject section */
		A3B1367F1F339C39005C6AF5 /* Project object */ = {
			isa = PBXProject;
			attributes = {
				LastUpgradeCheck = 0830;
				ORGANIZATIONNAME = Dely;
				TargetAttributes = {
					A3B136861F339C39005C6AF5 = {
						CreatedOnToolsVersion = 8.3.2;
						DevelopmentTeam = PNVB3SL6ZP;
						ProvisioningStyle = Manual;
					};
				};
			};
			buildConfigurationList = A3B136821F339C39005C6AF5 /* Build configuration list for PBXProject "JYCategory" */;
			compatibilityVersion = "Xcode 3.2";
			developmentRegion = English;
			hasScannedForEncodings = 0;
			knownRegions = (
				en,
				Base,
			);
			mainGroup = A3B1367E1F339C39005C6AF5;
			productRefGroup = A3B136881F339C39005C6AF5 /* Products */;
			projectDirPath = "";
			projectRoot = "";
			targets = (
				A3B136861F339C39005C6AF5 /* JYCategory */,
			);
		};
/* End PBXProject section */

/* Begin PBXResourcesBuildPhase section */
		A3B136851F339C39005C6AF5 /* Resources */ = {
			isa = PBXResourcesBuildPhase;
			buildActionMask = 2147483647;
			files = (
				A3B136B51F33D0E6005C6AF5 /* FoundationController.xib in Resources */,
				A3F53E331F3BBEEC0031599D /* UKController.xib in Resources */,
				A3B136A71F339E29005C6AF5 /* LaunchScreen.storyboard in Resources */,
				A3B136A51F339D7A005C6AF5 /* ViewController.xib in Resources */,
				A3B136971F339C39005C6AF5 /* Assets.xcassets in Resources */,
			);
			runOnlyForDeploymentPostprocessing = 0;
		};
/* End PBXResourcesBuildPhase section */

/* Begin PBXSourcesBuildPhase section */
		A3B136831F339C39005C6AF5 /* Sources */ = {
			isa = PBXSourcesBuildPhase;
			buildActionMask = 2147483647;
			files = (
				A3F53E381F3BCFA80031599D /* UIDevice+JYInfo.m in Sources */,
				A31FEA601F34E41700EC33E1 /* NSDictionary+JYSafe.m in Sources */,
				A3F53E261F3B85C90031599D /* NSDate+JYHandle.m in Sources */,
				A38778061F38D4C9004C90F4 /* NSFileManager+JYPath.m in Sources */,
				A38778101F392C61004C90F4 /* NSString+JYCommon.m in Sources */,
				A33683B01F3A262D001D051F /* JYSwizzing.m in Sources */,
				A387780A1F39227B004C90F4 /* NSString+JYURLEncode.m in Sources */,
				A3F53E3B1F3BD1CF0031599D /* UIColor+JYCommon.m in Sources */,
				A3B136A41F339D7A005C6AF5 /* ViewController.m in Sources */,
				A3B1368F1F339C39005C6AF5 /* AppDelegate.m in Sources */,
				A38778131F393550004C90F4 /* NSString+JYTransform.m in Sources */,
				A3F53E221F3B83CC0031599D /* NSData+JYHandle.m in Sources */,
				A33683BA1F3A3B92001D051F /* JY3DES.m in Sources */,
				A387780D1F392735004C90F4 /* NSString+JYJudge.m in Sources */,
				A31FEA631F352A3E00EC33E1 /* NSDictionary+JYURL.m in Sources */,
				A3B136B41F33D0E6005C6AF5 /* FoundationController.m in Sources */,
				A3B136B01F339F78005C6AF5 /* NSArray+JYLog.m in Sources */,
				A3F53E321F3BBEEC0031599D /* UKController.m in Sources */,
				A33683B31F3A2665001D051F /* JYBase64.m in Sources */,
				A3B1368C1F339C39005C6AF5 /* main.m in Sources */,
				A31A41B81F33ECCC00ED5406 /* NSArray+JYSafe.m in Sources */,
				A3F53E1F1F3B7CB30031599D /* NSUserDefaults+JYSafe.m in Sources */,
			);
			runOnlyForDeploymentPostprocessing = 0;
		};
/* End PBXSourcesBuildPhase section */

/* Begin XCBuildConfiguration section */
		A3B1369C1F339C39005C6AF5 /* Debug */ = {
			isa = XCBuildConfiguration;
			buildSettings = {
				ALWAYS_SEARCH_USER_PATHS = NO;
				CLANG_ANALYZER_NONNULL = YES;
				CLANG_ANALYZER_NUMBER_OBJECT_CONVERSION = YES_AGGRESSIVE;
				CLANG_CXX_LANGUAGE_STANDARD = "gnu++0x";
				CLANG_CXX_LIBRARY = "libc++";
				CLANG_ENABLE_MODULES = YES;
				CLANG_ENABLE_OBJC_ARC = YES;
				CLANG_WARN_BOOL_CONVERSION = YES;
				CLANG_WARN_CONSTANT_CONVERSION = YES;
				CLANG_WARN_DIRECT_OBJC_ISA_USAGE = YES_ERROR;
				CLANG_WARN_DOCUMENTATION_COMMENTS = YES;
				CLANG_WARN_EMPTY_BODY = YES;
				CLANG_WARN_ENUM_CONVERSION = YES;
				CLANG_WARN_INFINITE_RECURSION = YES;
				CLANG_WARN_INT_CONVERSION = YES;
				CLANG_WARN_OBJC_ROOT_CLASS = YES_ERROR;
				CLANG_WARN_SUSPICIOUS_MOVE = YES;
				CLANG_WARN_UNREACHABLE_CODE = YES;
				CLANG_WARN__DUPLICATE_METHOD_MATCH = YES;
				"CODE_SIGN_IDENTITY[sdk=iphoneos*]" = "iPhone Developer";
				COPY_PHASE_STRIP = NO;
				DEBUG_INFORMATION_FORMAT = dwarf;
				ENABLE_STRICT_OBJC_MSGSEND = YES;
				ENABLE_TESTABILITY = YES;
				GCC_C_LANGUAGE_STANDARD = gnu99;
				GCC_DYNAMIC_NO_PIC = NO;
				GCC_NO_COMMON_BLOCKS = YES;
				GCC_OPTIMIZATION_LEVEL = 0;
				GCC_PREPROCESSOR_DEFINITIONS = (
					"DEBUG=1",
					"$(inherited)",
				);
				GCC_WARN_64_TO_32_BIT_CONVERSION = YES;
				GCC_WARN_ABOUT_RETURN_TYPE = YES_ERROR;
				GCC_WARN_UNDECLARED_SELECTOR = YES;
				GCC_WARN_UNINITIALIZED_AUTOS = YES_AGGRESSIVE;
				GCC_WARN_UNUSED_FUNCTION = YES;
				GCC_WARN_UNUSED_VARIABLE = YES;
				IPHONEOS_DEPLOYMENT_TARGET = 10.3;
				MTL_ENABLE_DEBUG_INFO = YES;
				ONLY_ACTIVE_ARCH = YES;
				SDKROOT = iphoneos;
				TARGETED_DEVICE_FAMILY = "1,2";
			};
			name = Debug;
		};
		A3B1369D1F339C39005C6AF5 /* Release */ = {
			isa = XCBuildConfiguration;
			buildSettings = {
				ALWAYS_SEARCH_USER_PATHS = NO;
				CLANG_ANALYZER_NONNULL = YES;
				CLANG_ANALYZER_NUMBER_OBJECT_CONVERSION = YES_AGGRESSIVE;
				CLANG_CXX_LANGUAGE_STANDARD = "gnu++0x";
				CLANG_CXX_LIBRARY = "libc++";
				CLANG_ENABLE_MODULES = YES;
				CLANG_ENABLE_OBJC_ARC = YES;
				CLANG_WARN_BOOL_CONVERSION = YES;
				CLANG_WARN_CONSTANT_CONVERSION = YES;
				CLANG_WARN_DIRECT_OBJC_ISA_USAGE = YES_ERROR;
				CLANG_WARN_DOCUMENTATION_COMMENTS = YES;
				CLANG_WARN_EMPTY_BODY = YES;
				CLANG_WARN_ENUM_CONVERSION = YES;
				CLANG_WARN_INFINITE_RECURSION = YES;
				CLANG_WARN_INT_CONVERSION = YES;
				CLANG_WARN_OBJC_ROOT_CLASS = YES_ERROR;
				CLANG_WARN_SUSPICIOUS_MOVE = YES;
				CLANG_WARN_UNREACHABLE_CODE = YES;
				CLANG_WARN__DUPLICATE_METHOD_MATCH = YES;
				"CODE_SIGN_IDENTITY[sdk=iphoneos*]" = "iPhone Developer";
				COPY_PHASE_STRIP = NO;
				DEBUG_INFORMATION_FORMAT = "dwarf-with-dsym";
				ENABLE_NS_ASSERTIONS = NO;
				ENABLE_STRICT_OBJC_MSGSEND = YES;
				GCC_C_LANGUAGE_STANDARD = gnu99;
				GCC_NO_COMMON_BLOCKS = YES;
				GCC_WARN_64_TO_32_BIT_CONVERSION = YES;
				GCC_WARN_ABOUT_RETURN_TYPE = YES_ERROR;
				GCC_WARN_UNDECLARED_SELECTOR = YES;
				GCC_WARN_UNINITIALIZED_AUTOS = YES_AGGRESSIVE;
				GCC_WARN_UNUSED_FUNCTION = YES;
				GCC_WARN_UNUSED_VARIABLE = YES;
				IPHONEOS_DEPLOYMENT_TARGET = 10.3;
				MTL_ENABLE_DEBUG_INFO = NO;
				SDKROOT = iphoneos;
				TARGETED_DEVICE_FAMILY = "1,2";
				VALIDATE_PRODUCT = YES;
			};
			name = Release;
		};
		A3B1369F1F339C39005C6AF5 /* Debug */ = {
			isa = XCBuildConfiguration;
			buildSettings = {
				ASSETCATALOG_COMPILER_APPICON_NAME = AppIcon;
				DEVELOPMENT_TEAM = PNVB3SL6ZP;
				INFOPLIST_FILE = JYCategory/Info.plist;
				IPHONEOS_DEPLOYMENT_TARGET = 8.0;
				LD_RUNPATH_SEARCH_PATHS = "$(inherited) @executable_path/Frameworks";
				PRODUCT_BUNDLE_IDENTIFIER = Dely.JYCategory;
				PRODUCT_NAME = "$(TARGET_NAME)";
				PROVISIONING_PROFILE = "0c69c187-2506-4f1b-99db-d2f970ef4a90";
				PROVISIONING_PROFILE_SPECIFIER = jiuxianTeamDevelop;
			};
			name = Debug;
		};
		A3B136A01F339C39005C6AF5 /* Release */ = {
			isa = XCBuildConfiguration;
			buildSettings = {
				ASSETCATALOG_COMPILER_APPICON_NAME = AppIcon;
				DEVELOPMENT_TEAM = "";
				INFOPLIST_FILE = JYCategory/Info.plist;
				IPHONEOS_DEPLOYMENT_TARGET = 8.0;
				LD_RUNPATH_SEARCH_PATHS = "$(inherited) @executable_path/Frameworks";
				PRODUCT_BUNDLE_IDENTIFIER = Dely.JYCategory;
				PRODUCT_NAME = "$(TARGET_NAME)";
				PROVISIONING_PROFILE_SPECIFIER = "";
			};
			name = Release;
		};
/* End XCBuildConfiguration section */

/* Begin XCConfigurationList section */
		A3B136821F339C39005C6AF5 /* Build configuration list for PBXProject "JYCategory" */ = {
			isa = XCConfigurationList;
			buildConfigurations = (
				A3B1369C1F339C39005C6AF5 /* Debug */,
				A3B1369D1F339C39005C6AF5 /* Release */,
			);
			defaultConfigurationIsVisible = 0;
			defaultConfigurationName = Release;
		};
		A3B1369E1F339C39005C6AF5 /* Build configuration list for PBXNativeTarget "JYCategory" */ = {
			isa = XCConfigurationList;
			buildConfigurations = (
				A3B1369F1F339C39005C6AF5 /* Debug */,
				A3B136A01F339C39005C6AF5 /* Release */,
			);
			defaultConfigurationIsVisible = 0;
			defaultConfigurationName = Release;
		};
/* End XCConfigurationList section */
	};
	rootObject = A3B1367F1F339C39005C6AF5 /* Project object */;
}
